
Microsoft Visual Studio Solution File, Format Version 12.00
# Visual Studio Version 17
VisualStudioVersion = 17.9.34728.123
MinimumVisualStudioVersion = 10.0.40219.1
Project("{FAE04EC0-301F-11D3-BF4B-00C04F79EFBC}") = "FisioReportsOnline", "FisioReportsOnline\FisioReportsOnline\FisioReportsOnline.csproj", "{720C900B-50E1-477C-B150-B7167E218A49}"
EndProject
Project("{FAE04EC0-301F-11D3-BF4B-00C04F79EFBC}") = "FisioReportsOnline.Client", "FisioReportsOnline\FisioReportsOnline.Client\FisioReportsOnline.Client.csproj", "{ABC73D7B-1D07-47A8-8328-C0825D1799C2}"
EndProject
Global
	GlobalSection(SolutionConfigurationPlatforms) = preSolution
		Debug|Any CPU = Debug|Any CPU
		Release|Any CPU = Release|Any CPU
	EndGlobalSection
	GlobalSection(ProjectConfigurationPlatforms) = postSolution
		{720C900B-50E1-477C-B150-B7167E218A49}.Debug|Any CPU.ActiveCfg = Debug|Any CPU
		{720C900B-50E1-477C-B150-B7167E218A49}.Debug|Any CPU.Build.0 = Debug|Any CPU
		{720C900B-50E1-477C-B150-B7167E218A49}.Release|Any CPU.ActiveCfg = Release|Any CPU
		{720C900B-50E1-477C-B150-B7167E218A49}.Release|Any CPU.Build.0 = Release|Any CPU
		{ABC73D7B-1D07-47A8-8328-C0825D1799C2}.Debug|Any CPU.ActiveCfg = Debug|Any CPU
		{ABC73D7B-1D07-47A8-8328-C0825D1799C2}.Debug|Any CPU.Build.0 = Debug|Any CPU
		{ABC73D7B-1D07-47A8-8328-C0825D1799C2}.Release|Any CPU.ActiveCfg = Release|Any CPU
		{ABC73D7B-1D07-47A8-8328-C0825D1799C2}.Release|Any CPU.Build.0 = Release|Any CPU
	EndGlobalSection
	GlobalSection(SolutionProperties) = preSolution
		HideSolutionNode = FALSE
	EndGlobalSection
	GlobalSection(ExtensibilityGlobals) = postSolution
		SolutionGuid = {118AEF6A-90B9-44B9-A55E-5D340A8B38C0}
	EndGlobalSection
EndGlobal
